github.com/exonlabs/go-utils v0.3.4 h1:PG87PHHCMcodVYRpnnb8cHtOtboVmk9ucPB4P981MyA=
github.com/exonlabs/go-utils v0.3.4/go.mod h1:itdY8sa/1/hKXZW/yMp6Itgvz6IAmfjQWITHuDIXPfU=
golang.org/x/sys v0.18.0 h1:DBdB3niSjOA/O0blCZBqDefyWNYveAYMNF1Wum0DYQ4=
golang.org/x/sys v0.18.0/go.mod h1:/VUhepiaJMQUp4+oa/7Zr1D23ma6VTLIYjOOTFZPUcA=
