github.com/exonlabs/go-utils v0.3.3 h1:j7kZ+ZtzmFB84LVJiZyEGaLhA8r1YwIqwjwWoVuRU0E=
github.com/exonlabs/go-utils v0.3.3/go.mod h1:itdY8sa/1/hKXZW/yMp6Itgvz6IAmfjQWITHuDIXPfU=
golang.org/x/sys v0.18.0 h1:DBdB3niSjOA/O0blCZBqDefyWNYveAYMNF1Wum0DYQ4=
golang.org/x/sys v0.18.0/go.mod h1:/VUhepiaJMQUp4+oa/7Zr1D23ma6VTLIYjOOTFZPUcA=
